
Microsoft Visual Studio Solution File, Format Version 12.00
# Visual Studio Version 16
VisualStudioVersion = 16.0.31829.152
MinimumVisualStudioVersion = 10.0.40219.1
Project("{FAE04EC0-301F-11D3-BF4B-00C04F79EFBC}") = "RecursionKnight", "RecursionKnight\RecursionKnight.csproj", "{5602FCA4-0E31-4634-9768-D320F250779E}"
EndProject
Global
	GlobalSection(SolutionConfigurationPlatforms) = preSolution
		Debug|Any CPU = Debug|Any CPU
		Release|Any CPU = Release|Any CPU
	EndGlobalSection
	GlobalSection(ProjectConfigurationPlatforms) = postSolution
		{5602FCA4-0E31-4634-9768-D320F250779E}.Debug|Any CPU.ActiveCfg = Debug|Any CPU
		{5602FCA4-0E31-4634-9768-D320F250779E}.Debug|Any CPU.Build.0 = Debug|Any CPU
		{5602FCA4-0E31-4634-9768-D320F250779E}.Release|Any CPU.ActiveCfg = Release|Any CPU
		{5602FCA4-0E31-4634-9768-D320F250779E}.Release|Any CPU.Build.0 = Release|Any CPU
	EndGlobalSection
	GlobalSection(SolutionProperties) = preSolution
		HideSolutionNode = FALSE
	EndGlobalSection
	GlobalSection(ExtensibilityGlobals) = postSolution
		SolutionGuid = {567FE1D5-0379-493E-B8D9-521A62DB638A}
	EndGlobalSection
EndGlobal
